
Microsoft Visual Studio Solution File, Format Version 12.00
# Visual Studio Version 17
VisualStudioVersion = 17.11.35431.28
MinimumVisualStudioVersion = 10.0.40219.1
Project("{8BC9CEB8-8B4A-11D0-8D11-00A0C91BC942}") = "main-project", "main-project\main-project.vcxproj", "{A9E09EFE-41D1-476B-B968-68BF6DB32782}"
EndProject
Project("{8BC9CEB8-8B4A-11D0-8D11-00A0C91BC942}") = "unit-test-project", "unit-test-project\unit-test-project.vcxproj", "{13883524-B402-4ABE-A2F7-802440707E77}"
EndProject
Global
	GlobalSection(SolutionConfigurationPlatforms) = preSolution
		Debug|x64 = Debug|x64
		Debug|x86 = Debug|x86
		Release|x64 = Release|x64
		Release|x86 = Release|x86
	EndGlobalSection
	GlobalSection(ProjectConfigurationPlatforms) = postSolution
		{A9E09EFE-41D1-476B-B968-68BF6DB32782}.Debug|x64.ActiveCfg = Debug|x64
		{A9E09EFE-41D1-476B-B968-68BF6DB32782}.Debug|x64.Build.0 = Debug|x64
		{A9E09EFE-41D1-476B-B968-68BF6DB32782}.Debug|x86.ActiveCfg = Debug|Win32
		{A9E09EFE-41D1-476B-B968-68BF6DB32782}.Debug|x86.Build.0 = Debug|Win32
		{A9E09EFE-41D1-476B-B968-68BF6DB32782}.Release|x64.ActiveCfg = Release|x64
		{A9E09EFE-41D1-476B-B968-68BF6DB32782}.Release|x64.Build.0 = Release|x64
		{A9E09EFE-41D1-476B-B968-68BF6DB32782}.Release|x86.ActiveCfg = Release|Win32
		{A9E09EFE-41D1-476B-B968-68BF6DB32782}.Release|x86.Build.0 = Release|Win32
		{13883524-B402-4ABE-A2F7-802440707E77}.Debug|x64.ActiveCfg = Debug|x64
		{13883524-B402-4ABE-A2F7-802440707E77}.Debug|x64.Build.0 = Debug|x64
		{13883524-B402-4ABE-A2F7-802440707E77}.Debug|x86.ActiveCfg = Debug|Win32
		{13883524-B402-4ABE-A2F7-802440707E77}.Debug|x86.Build.0 = Debug|Win32
		{13883524-B402-4ABE-A2F7-802440707E77}.Release|x64.ActiveCfg = Release|x64
		{13883524-B402-4ABE-A2F7-802440707E77}.Release|x64.Build.0 = Release|x64
		{13883524-B402-4ABE-A2F7-802440707E77}.Release|x86.ActiveCfg = Release|Win32
		{13883524-B402-4ABE-A2F7-802440707E77}.Release|x86.Build.0 = Release|Win32
	EndGlobalSection
	GlobalSection(SolutionProperties) = preSolution
		HideSolutionNode = FALSE
	EndGlobalSection
	GlobalSection(ExtensibilityGlobals) = postSolution
		SolutionGuid = {5194A121-DCB8-4CF7-A17F-2F304869C519}
	EndGlobalSection
EndGlobal
